// !$*UTF8*$!
{
	archiveVersion = 1;
	classes = {
	};
	objectVersion = 46;
	objects = {

/* Begin PBXBuildFile section */
		4FCD52F31803173700504B25 /* Foundation.framework in Frameworks */ = {isa = PBXBuildFile; fileRef = 4FCD52F21803173700504B25 /* Foundation.framework */; };
		4FCD52F51803173700504B25 /* CoreGraphics.framework in Frameworks */ = {isa = PBXBuildFile; fileRef = 4FCD52F41803173700504B25 /* CoreGraphics.framework */; };
		4FCD52F71803173700504B25 /* UIKit.framework in Frameworks */ = {isa = PBXBuildFile; fileRef = 4FCD52F61803173700504B25 /* UIKit.framework */; };
		4FCD52F91803173700504B25 /* CoreData.framework in Frameworks */ = {isa = PBXBuildFile; fileRef = 4FCD52F81803173700504B25 /* CoreData.framework */; };
		4FCD52FF1803173700504B25 /* InfoPlist.strings in Resources */ = {isa = PBXBuildFile; fileRef = 4FCD52FD1803173700504B25 /* InfoPlist.strings */; };
		4FCD53011803173700504B25 /* main.m in Sources */ = {isa = PBXBuildFile; fileRef = 4FCD53001803173700504B25 /* main.m */; };
		4FCD53051803173700504B25 /* SPAppDelegate.m in Sources */ = {isa = PBXBuildFile; fileRef = 4FCD53041803173700504B25 /* SPAppDelegate.m */; };
		4FCD53081803173700504B25 /* SponsorPay.xcdatamodeld in Sources */ = {isa = PBXBuildFile; fileRef = 4FCD53061803173700504B25 /* SponsorPay.xcdatamodeld */; };
		4FCD530A1803173700504B25 /* Images.xcassets in Resources */ = {isa = PBXBuildFile; fileRef = 4FCD53091803173700504B25 /* Images.xcassets */; };
		4FCD53111803173700504B25 /* XCTest.framework in Frameworks */ = {isa = PBXBuildFile; fileRef = 4FCD53101803173700504B25 /* XCTest.framework */; };
		4FCD53121803173700504B25 /* Foundation.framework in Frameworks */ = {isa = PBXBuildFile; fileRef = 4FCD52F21803173700504B25 /* Foundation.framework */; };
		4FCD53131803173700504B25 /* UIKit.framework in Frameworks */ = {isa = PBXBuildFile; fileRef = 4FCD52F61803173700504B25 /* UIKit.framework */; };
		4FCD53141803173700504B25 /* CoreData.framework in Frameworks */ = {isa = PBXBuildFile; fileRef = 4FCD52F81803173700504B25 /* CoreData.framework */; };
		4FCD531C1803173700504B25 /* InfoPlist.strings in Resources */ = {isa = PBXBuildFile; fileRef = 4FCD531A1803173700504B25 /* InfoPlist.strings */; };
		4FCD531E1803173700504B25 /* SponsorPayTests.m in Sources */ = {isa = PBXBuildFile; fileRef = 4FCD531D1803173700504B25 /* SponsorPayTests.m */; };
		4FCD532A180318F800504B25 /* SPMainController.m in Sources */ = {isa = PBXBuildFile; fileRef = 4FCD5329180318F800504B25 /* SPMainController.m */; };
		4FCD533218031DB100504B25 /* SPMainPhoneViewController.m in Sources */ = {isa = PBXBuildFile; fileRef = 4FCD533118031DB100504B25 /* SPMainPhoneViewController.m */; };
		4FCD533518031DCE00504B25 /* SPMainPadViewController.m in Sources */ = {isa = PBXBuildFile; fileRef = 4FCD533418031DCE00504B25 /* SPMainPadViewController.m */; };
		4FCD5338180321BB00504B25 /* sponsorpay.png in Resources */ = {isa = PBXBuildFile; fileRef = 4FCD5337180321BB00504B25 /* sponsorpay.png */; };
		4FCD533E1803250F00504B25 /* UIColor+hex.m in Sources */ = {isa = PBXBuildFile; fileRef = 4FCD533B1803250F00504B25 /* UIColor+hex.m */; };
		4FCD533F1803250F00504B25 /* UIFont+helvetica.m in Sources */ = {isa = PBXBuildFile; fileRef = 4FCD533D1803250F00504B25 /* UIFont+helvetica.m */; };
		4FCD534318032A4E00504B25 /* SPCustomTextField.m in Sources */ = {isa = PBXBuildFile; fileRef = 4FCD534218032A4E00504B25 /* SPCustomTextField.m */; };
		4FCD535A18034FA600504B25 /* AFHTTPRequestOperation.m in Sources */ = {isa = PBXBuildFile; fileRef = 4FCD534818034FA600504B25 /* AFHTTPRequestOperation.m */; };
		4FCD535B18034FA600504B25 /* AFHTTPRequestOperationManager.m in Sources */ = {isa = PBXBuildFile; fileRef = 4FCD534A18034FA600504B25 /* AFHTTPRequestOperationManager.m */; };
		4FCD535C18034FA600504B25 /* AFHTTPSessionManager.m in Sources */ = {isa = PBXBuildFile; fileRef = 4FCD534C18034FA600504B25 /* AFHTTPSessionManager.m */; };
		4FCD535D18034FA600504B25 /* AFNetworkReachabilityManager.m in Sources */ = {isa = PBXBuildFile; fileRef = 4FCD534F18034FA600504B25 /* AFNetworkReachabilityManager.m */; };
		4FCD535E18034FA600504B25 /* AFSecurityPolicy.m in Sources */ = {isa = PBXBuildFile; fileRef = 4FCD535118034FA600504B25 /* AFSecurityPolicy.m */; };
		4FCD535F18034FA600504B25 /* AFURLConnectionOperation.m in Sources */ = {isa = PBXBuildFile; fileRef = 4FCD535318034FA600504B25 /* AFURLConnectionOperation.m */; };
		4FCD536018034FA600504B25 /* AFURLRequestSerialization.m in Sources */ = {isa = PBXBuildFile; fileRef = 4FCD535518034FA600504B25 /* AFURLRequestSerialization.m */; };
		4FCD536118034FA600504B25 /* AFURLResponseSerialization.m in Sources */ = {isa = PBXBuildFile; fileRef = 4FCD535718034FA600504B25 /* AFURLResponseSerialization.m */; };
		4FCD536218034FA600504B25 /* AFURLSessionManager.m in Sources */ = {isa = PBXBuildFile; fileRef = 4FCD535918034FA600504B25 /* AFURLSessionManager.m */; };
		4FCD53661803500C00504B25 /* SPConnectionManager.m in Sources */ = {isa = PBXBuildFile; fileRef = 4FCD53651803500C00504B25 /* SPConnectionManager.m */; };
		4FCD5368180358A500504B25 /* AdSupport.framework in Frameworks */ = {isa = PBXBuildFile; fileRef = 4FCD5367180358A500504B25 /* AdSupport.framework */; };
		4FCD536B18036C3500504B25 /* NSString+SHA1.m in Sources */ = {isa = PBXBuildFile; fileRef = 4FCD536A18036C3500504B25 /* NSString+SHA1.m */; };
		4FCD536D18040FA900504B25 /* fakeresponse.json in Resources */ = {isa = PBXBuildFile; fileRef = 4FCD536C18040FA900504B25 /* fakeresponse.json */; };
		4FCD53711804105300504B25 /* SPServerResponseObject.m in Sources */ = {isa = PBXBuildFile; fileRef = 4FCD53701804105300504B25 /* SPServerResponseObject.m */; };
		4FCD53741804108500504B25 /* SPOffer.m in Sources */ = {isa = PBXBuildFile; fileRef = 4FCD53731804108500504B25 /* SPOffer.m */; };
		4FCD53771804109400504B25 /* SPInformation.m in Sources */ = {isa = PBXBuildFile; fileRef = 4FCD53761804109400504B25 /* SPInformation.m */; };
		4FCD537A1804171B00504B25 /* SPOfferType.m in Sources */ = {isa = PBXBuildFile; fileRef = 4FCD53791804171B00504B25 /* SPOfferType.m */; };
		4FCD537D1804173300504B25 /* SPTimeToPayout.m in Sources */ = {isa = PBXBuildFile; fileRef = 4FCD537C1804173300504B25 /* SPTimeToPayout.m */; };
		4FCD53801804202300504B25 /* SPOffersViewController.m in Sources */ = {isa = PBXBuildFile; fileRef = 4FCD537F1804202300504B25 /* SPOffersViewController.m */; };
		4FCD53831804216D00504B25 /* SPOffersPhoneViewController.m in Sources */ = {isa = PBXBuildFile; fileRef = 4FCD53821804216D00504B25 /* SPOffersPhoneViewController.m */; };
		4FF36B5B18042988009D664B /* SPOfferPhoneCell.m in Sources */ = {isa = PBXBuildFile; fileRef = 4FF36B5A18042988009D664B /* SPOfferPhoneCell.m */; };
/* End PBXBuildFile section */

/* Begin PBXContainerItemProxy section */
		4FCD53151803173700504B25 /* PBXContainerItemProxy */ = {
			isa = PBXContainerItemProxy;
			containerPortal = 4FCD52E71803173700504B25 /* Project object */;
			proxyType = 1;
			remoteGlobalIDString = 4FCD52EE1803173700504B25;
			remoteInfo = SponsorPay;
		};
/* End PBXContainerItemProxy section */

/* Begin PBXFileReference section */
		4FCD52EF1803173700504B25 /* SponsorPay.app */ = {isa = PBXFileReference; explicitFileType = wrapper.application; includeInIndex = 0; path = SponsorPay.app; sourceTree = BUILT_PRODUCTS_DIR; };
		4FCD52F21803173700504B25 /* Foundation.framework */ = {isa = PBXFileReference; lastKnownFileType = wrapper.framework; name = Foundation.framework; path = System/Library/Frameworks/Foundation.framework; sourceTree = SDKROOT; };
		4FCD52F41803173700504B25 /* CoreGraphics.framework */ = {isa = PBXFileReference; lastKnownFileType = wrapper.framework; name = CoreGraphics.framework; path = System/Library/Frameworks/CoreGraphics.framework; sourceTree = SDKROOT; };
		4FCD52F61803173700504B25 /* UIKit.framework */ = {isa = PBXFileReference; lastKnownFileType = wrapper.framework; name = UIKit.framework; path = System/Library/Frameworks/UIKit.framework; sourceTree = SDKROOT; };
		4FCD52F81803173700504B25 /* CoreData.framework */ = {isa = PBXFileReference; lastKnownFileType = wrapper.framework; name = CoreData.framework; path = System/Library/Frameworks/CoreData.framework; sourceTree = SDKROOT; };
		4FCD52FC1803173700504B25 /* SponsorPay-Info.plist */ = {isa = PBXFileReference; lastKnownFileType = text.plist.xml; path = "SponsorPay-Info.plist"; sourceTree = "<group>"; };
		4FCD52FE1803173700504B25 /* en */ = {isa = PBXFileReference; lastKnownFileType = text.plist.strings; name = en; path = en.lproj/InfoPlist.strings; sourceTree = "<group>"; };
		4FCD53001803173700504B25 /* main.m */ = {isa = PBXFileReference; lastKnownFileType = sourcecode.c.objc; path = main.m; sourceTree = "<group>"; };
		4FCD53021803173700504B25 /* SponsorPay-Prefix.pch */ = {isa = PBXFileReference; lastKnownFileType = sourcecode.c.h; path = "SponsorPay-Prefix.pch"; sourceTree = "<group>"; };
		4FCD53031803173700504B25 /* SPAppDelegate.h */ = {isa = PBXFileReference; lastKnownFileType = sourcecode.c.h; path = SPAppDelegate.h; sourceTree = "<group>"; };
		4FCD53041803173700504B25 /* SPAppDelegate.m */ = {isa = PBXFileReference; lastKnownFileType = sourcecode.c.objc; path = SPAppDelegate.m; sourceTree = "<group>"; };
		4FCD53071803173700504B25 /* SponsorPay.xcdatamodel */ = {isa = PBXFileReference; lastKnownFileType = wrapper.xcdatamodel; path = SponsorPay.xcdatamodel; sourceTree = "<group>"; };
		4FCD53091803173700504B25 /* Images.xcassets */ = {isa = PBXFileReference; lastKnownFileType = folder.assetcatalog; path = Images.xcassets; sourceTree = "<group>"; };
		4FCD530F1803173700504B25 /* SponsorPayTests.xctest */ = {isa = PBXFileReference; explicitFileType = wrapper.cfbundle; includeInIndex = 0; path = SponsorPayTests.xctest; sourceTree = BUILT_PRODUCTS_DIR; };
		4FCD53101803173700504B25 /* XCTest.framework */ = {isa = PBXFileReference; lastKnownFileType = wrapper.framework; name = XCTest.framework; path = Library/Frameworks/XCTest.framework; sourceTree = DEVELOPER_DIR; };
		4FCD53191803173700504B25 /* SponsorPayTests-Info.plist */ = {isa = PBXFileReference; lastKnownFileType = text.plist.xml; path = "SponsorPayTests-Info.plist"; sourceTree = "<group>"; };
		4FCD531B1803173700504B25 /* en */ = {isa = PBXFileReference; lastKnownFileType = text.plist.strings; name = en; path = en.lproj/InfoPlist.strings; sourceTree = "<group>"; };
		4FCD531D1803173700504B25 /* SponsorPayTests.m */ = {isa = PBXFileReference; lastKnownFileType = sourcecode.c.objc; path = SponsorPayTests.m; sourceTree = "<group>"; };
		4FCD5328180318F800504B25 /* SPMainController.h */ = {isa = PBXFileReference; fileEncoding = 4; lastKnownFileType = sourcecode.c.h; name = SPMainController.h; path = Controllers/SPMainController.h; sourceTree = "<group>"; };
		4FCD5329180318F800504B25 /* SPMainController.m */ = {isa = PBXFileReference; fileEncoding = 4; lastKnownFileType = sourcecode.c.objc; name = SPMainController.m; path = Controllers/SPMainController.m; sourceTree = "<group>"; };
		4FCD533018031DB100504B25 /* SPMainPhoneViewController.h */ = {isa = PBXFileReference; fileEncoding = 4; lastKnownFileType = sourcecode.c.h; path = SPMainPhoneViewController.h; sourceTree = "<group>"; };
		4FCD533118031DB100504B25 /* SPMainPhoneViewController.m */ = {isa = PBXFileReference; fileEncoding = 4; lastKnownFileType = sourcecode.c.objc; path = SPMainPhoneViewController.m; sourceTree = "<group>"; };
		4FCD533318031DCE00504B25 /* SPMainPadViewController.h */ = {isa = PBXFileReference; fileEncoding = 4; lastKnownFileType = sourcecode.c.h; path = SPMainPadViewController.h; sourceTree = "<group>"; };
		4FCD533418031DCE00504B25 /* SPMainPadViewController.m */ = {isa = PBXFileReference; fileEncoding = 4; lastKnownFileType = sourcecode.c.objc; path = SPMainPadViewController.m; sourceTree = "<group>"; };
		4FCD5337180321BB00504B25 /* sponsorpay.png */ = {isa = PBXFileReference; lastKnownFileType = image.png; path = sponsorpay.png; sourceTree = "<group>"; };
		4FCD533A1803250F00504B25 /* UIColor+hex.h */ = {isa = PBXFileReference; fileEncoding = 4; lastKnownFileType = sourcecode.c.h; path = "UIColor+hex.h"; sourceTree = "<group>"; };
		4FCD533B1803250F00504B25 /* UIColor+hex.m */ = {isa = PBXFileReference; fileEncoding = 4; lastKnownFileType = sourcecode.c.objc; path = "UIColor+hex.m"; sourceTree = "<group>"; };
		4FCD533C1803250F00504B25 /* UIFont+helvetica.h */ = {isa = PBXFileReference; fileEncoding = 4; lastKnownFileType = sourcecode.c.h; path = "UIFont+helvetica.h"; sourceTree = "<group>"; };
		4FCD533D1803250F00504B25 /* UIFont+helvetica.m */ = {isa = PBXFileReference; fileEncoding = 4; lastKnownFileType = sourcecode.c.objc; path = "UIFont+helvetica.m"; sourceTree = "<group>"; };
		4FCD534118032A4E00504B25 /* SPCustomTextField.h */ = {isa = PBXFileReference; fileEncoding = 4; lastKnownFileType = sourcecode.c.h; name = SPCustomTextField.h; path = Views/SPCustomTextField.h; sourceTree = "<group>"; };
		4FCD534218032A4E00504B25 /* SPCustomTextField.m */ = {isa = PBXFileReference; fileEncoding = 4; lastKnownFileType = sourcecode.c.objc; name = SPCustomTextField.m; path = Views/SPCustomTextField.m; sourceTree = "<group>"; };
		4FCD534718034FA600504B25 /* AFHTTPRequestOperation.h */ = {isa = PBXFileReference; fileEncoding = 4; lastKnownFileType = sourcecode.c.h; path = AFHTTPRequestOperation.h; sourceTree = "<group>"; };
		4FCD534818034FA600504B25 /* AFHTTPRequestOperation.m */ = {isa = PBXFileReference; fileEncoding = 4; lastKnownFileType = sourcecode.c.objc; path = AFHTTPRequestOperation.m; sourceTree = "<group>"; };
		4FCD534918034FA600504B25 /* AFHTTPRequestOperationManager.h */ = {isa = PBXFileReference; fileEncoding = 4; lastKnownFileType = sourcecode.c.h; path = AFHTTPRequestOperationManager.h; sourceTree = "<group>"; };
		4FCD534A18034FA600504B25 /* AFHTTPRequestOperationManager.m */ = {isa = PBXFileReference; fileEncoding = 4; lastKnownFileType = sourcecode.c.objc; path = AFHTTPRequestOperationManager.m; sourceTree = "<group>"; };
		4FCD534B18034FA600504B25 /* AFHTTPSessionManager.h */ = {isa = PBXFileReference; fileEncoding = 4; lastKnownFileType = sourcecode.c.h; path = AFHTTPSessionManager.h; sourceTree = "<group>"; };
		4FCD534C18034FA600504B25 /* AFHTTPSessionManager.m */ = {isa = PBXFileReference; fileEncoding = 4; lastKnownFileType = sourcecode.c.objc; path = AFHTTPSessionManager.m; sourceTree = "<group>"; };
		4FCD534D18034FA600504B25 /* AFNetworking.h */ = {isa = PBXFileReference; fileEncoding = 4; lastKnownFileType = sourcecode.c.h; path = AFNetworking.h; sourceTree = "<group>"; };
		4FCD534E18034FA600504B25 /* AFNetworkReachabilityManager.h */ = {isa = PBXFileReference; fileEncoding = 4; lastKnownFileType = sourcecode.c.h; path = AFNetworkReachabilityManager.h; sourceTree = "<group>"; };
		4FCD534F18034FA600504B25 /* AFNetworkReachabilityManager.m */ = {isa = PBXFileReference; fileEncoding = 4; lastKnownFileType = sourcecode.c.objc; path = AFNetworkReachabilityManager.m; sourceTree = "<group>"; };
		4FCD535018034FA600504B25 /* AFSecurityPolicy.h */ = {isa = PBXFileReference; fileEncoding = 4; lastKnownFileType = sourcecode.c.h; path = AFSecurityPolicy.h; sourceTree = "<group>"; };
		4FCD535118034FA600504B25 /* AFSecurityPolicy.m */ = {isa = PBXFileReference; fileEncoding = 4; lastKnownFileType = sourcecode.c.objc; path = AFSecurityPolicy.m; sourceTree = "<group>"; };
		4FCD535218034FA600504B25 /* AFURLConnectionOperation.h */ = {isa = PBXFileReference; fileEncoding = 4; lastKnownFileType = sourcecode.c.h; path = AFURLConnectionOperation.h; sourceTree = "<group>"; };
		4FCD535318034FA600504B25 /* AFURLConnectionOperation.m */ = {isa = PBXFileReference; fileEncoding = 4; lastKnownFileType = sourcecode.c.objc; path = AFURLConnectionOperation.m; sourceTree = "<group>"; };
		4FCD535418034FA600504B25 /* AFURLRequestSerialization.h */ = {isa = PBXFileReference; fileEncoding = 4; lastKnownFileType = sourcecode.c.h; path = AFURLRequestSerialization.h; sourceTree = "<group>"; };
		4FCD535518034FA600504B25 /* AFURLRequestSerialization.m */ = {isa = PBXFileReference; fileEncoding = 4; lastKnownFileType = sourcecode.c.objc; path = AFURLRequestSerialization.m; sourceTree = "<group>"; };
		4FCD535618034FA600504B25 /* AFURLResponseSerialization.h */ = {isa = PBXFileReference; fileEncoding = 4; lastKnownFileType = sourcecode.c.h; path = AFURLResponseSerialization.h; sourceTree = "<group>"; };
		4FCD535718034FA600504B25 /* AFURLResponseSerialization.m */ = {isa = PBXFileReference; fileEncoding = 4; lastKnownFileType = sourcecode.c.objc; path = AFURLResponseSerialization.m; sourceTree = "<group>"; };
		4FCD535818034FA600504B25 /* AFURLSessionManager.h */ = {isa = PBXFileReference; fileEncoding = 4; lastKnownFileType = sourcecode.c.h; path = AFURLSessionManager.h; sourceTree = "<group>"; };
		4FCD535918034FA600504B25 /* AFURLSessionManager.m */ = {isa = PBXFileReference; fileEncoding = 4; lastKnownFileType = sourcecode.c.objc; path = AFURLSessionManager.m; sourceTree = "<group>"; };
		4FCD53641803500C00504B25 /* SPConnectionManager.h */ = {isa = PBXFileReference; fileEncoding = 4; lastKnownFileType = sourcecode.c.h; name = SPConnectionManager.h; path = Connection/SPConnectionManager.h; sourceTree = "<group>"; };
		4FCD53651803500C00504B25 /* SPConnectionManager.m */ = {isa = PBXFileReference; fileEncoding = 4; lastKnownFileType = sourcecode.c.objc; name = SPConnectionManager.m; path = Connection/SPConnectionManager.m; sourceTree = "<group>"; };
		4FCD5367180358A500504B25 /* AdSupport.framework */ = {isa = PBXFileReference; lastKnownFileType = wrapper.framework; name = AdSupport.framework; path = System/Library/Frameworks/AdSupport.framework; sourceTree = SDKROOT; };
		4FCD536918036C3500504B25 /* NSString+SHA1.h */ = {isa = PBXFileReference; fileEncoding = 4; lastKnownFileType = sourcecode.c.h; path = "NSString+SHA1.h"; sourceTree = "<group>"; };
		4FCD536A18036C3500504B25 /* NSString+SHA1.m */ = {isa = PBXFileReference; fileEncoding = 4; lastKnownFileType = sourcecode.c.objc; path = "NSString+SHA1.m"; sourceTree = "<group>"; };
		4FCD536C18040FA900504B25 /* fakeresponse.json */ = {isa = PBXFileReference; fileEncoding = 4; lastKnownFileType = text.json; path = fakeresponse.json; sourceTree = "<group>"; };
		4FCD536F1804105300504B25 /* SPServerResponseObject.h */ = {isa = PBXFileReference; fileEncoding = 4; lastKnownFileType = sourcecode.c.h; name = SPServerResponseObject.h; path = Objects/SPServerResponseObject.h; sourceTree = "<group>"; };
		4FCD53701804105300504B25 /* SPServerResponseObject.m */ = {isa = PBXFileReference; fileEncoding = 4; lastKnownFileType = sourcecode.c.objc; name = SPServerResponseObject.m; path = Objects/SPServerResponseObject.m; sourceTree = "<group>"; };
		4FCD53721804108500504B25 /* SPOffer.h */ = {isa = PBXFileReference; fileEncoding = 4; lastKnownFileType = sourcecode.c.h; name = SPOffer.h; path = Objects/SPOffer.h; sourceTree = "<group>"; };
		4FCD53731804108500504B25 /* SPOffer.m */ = {isa = PBXFileReference; fileEncoding = 4; lastKnownFileType = sourcecode.c.objc; name = SPOffer.m; path = Objects/SPOffer.m; sourceTree = "<group>"; };
		4FCD53751804109400504B25 /* SPInformation.h */ = {isa = PBXFileReference; fileEncoding = 4; lastKnownFileType = sourcecode.c.h; path = SPInformation.h; sourceTree = "<group>"; };
		4FCD53761804109400504B25 /* SPInformation.m */ = {isa = PBXFileReference; fileEncoding = 4; lastKnownFileType = sourcecode.c.objc; path = SPInformation.m; sourceTree = "<group>"; };
		4FCD53781804171B00504B25 /* SPOfferType.h */ = {isa = PBXFileReference; fileEncoding = 4; lastKnownFileType = sourcecode.c.h; path = SPOfferType.h; sourceTree = "<group>"; };
		4FCD53791804171B00504B25 /* SPOfferType.m */ = {isa = PBXFileReference; fileEncoding = 4; lastKnownFileType = sourcecode.c.objc; path = SPOfferType.m; sourceTree = "<group>"; };
		4FCD537B1804173300504B25 /* SPTimeToPayout.h */ = {isa = PBXFileReference; fileEncoding = 4; lastKnownFileType = sourcecode.c.h; path = SPTimeToPayout.h; sourceTree = "<group>"; };
		4FCD537C1804173300504B25 /* SPTimeToPayout.m */ = {isa = PBXFileReference; fileEncoding = 4; lastKnownFileType = sourcecode.c.objc; path = SPTimeToPayout.m; sourceTree = "<group>"; };
		4FCD537E1804202300504B25 /* SPOffersViewController.h */ = {isa = PBXFileReference; fileEncoding = 4; lastKnownFileType = sourcecode.c.h; name = SPOffersViewController.h; path = Controllers/SPOffersViewController.h; sourceTree = "<group>"; };
		4FCD537F1804202300504B25 /* SPOffersViewController.m */ = {isa = PBXFileReference; fileEncoding = 4; lastKnownFileType = sourcecode.c.objc; name = SPOffersViewController.m; path = Controllers/SPOffersViewController.m; sourceTree = "<group>"; };
		4FCD53811804216D00504B25 /* SPOffersPhoneViewController.h */ = {isa = PBXFileReference; fileEncoding = 4; lastKnownFileType = sourcecode.c.h; path = SPOffersPhoneViewController.h; sourceTree = "<group>"; };
		4FCD53821804216D00504B25 /* SPOffersPhoneViewController.m */ = {isa = PBXFileReference; fileEncoding = 4; lastKnownFileType = sourcecode.c.objc; path = SPOffersPhoneViewController.m; sourceTree = "<group>"; };
		4FF36B5718042959009D664B /* SPOffersCellProtocol.h */ = {isa = PBXFileReference; lastKnownFileType = sourcecode.c.h; name = SPOffersCellProtocol.h; path = Views/SPOffersCellProtocol.h; sourceTree = "<group>"; };
		4FF36B5918042988009D664B /* SPOfferPhoneCell.h */ = {isa = PBXFileReference; fileEncoding = 4; lastKnownFileType = sourcecode.c.h; name = SPOfferPhoneCell.h; path = Views/iPhone/SPOfferPhoneCell.h; sourceTree = "<group>"; };
		4FF36B5A18042988009D664B /* SPOfferPhoneCell.m */ = {isa = PBXFileReference; fileEncoding = 4; lastKnownFileType = sourcecode.c.objc; name = SPOfferPhoneCell.m; path = Views/iPhone/SPOfferPhoneCell.m; sourceTree = "<group>"; };
/* End PBXFileReference section */

/* Begin PBXFrameworksBuildPhase section */
		4FCD52EC1803173700504B25 /* Frameworks */ = {
			isa = PBXFrameworksBuildPhase;
			buildActionMask = 2147483647;
			files = (
				4FCD5368180358A500504B25 /* AdSupport.framework in Frameworks */,
				4FCD52F51803173700504B25 /* CoreGraphics.framework in Frameworks */,
				4FCD52F91803173700504B25 /* CoreData.framework in Frameworks */,
				4FCD52F71803173700504B25 /* UIKit.framework in Frameworks */,
				4FCD52F31803173700504B25 /* Foundation.framework in Frameworks */,
			);
			runOnlyForDeploymentPostprocessing = 0;
		};
		4FCD530C1803173700504B25 /* Frameworks */ = {
			isa = PBXFrameworksBuildPhase;
			buildActionMask = 2147483647;
			files = (
				4FCD53111803173700504B25 /* XCTest.framework in Frameworks */,
				4FCD53141803173700504B25 /* CoreData.framework in Frameworks */,
				4FCD53131803173700504B25 /* UIKit.framework in Frameworks */,
				4FCD53121803173700504B25 /* Foundation.framework in Frameworks */,
			);
			runOnlyForDeploymentPostprocessing = 0;
		};
/* End PBXFrameworksBuildPhase section */

/* Begin PBXGroup section */
		4FCD52E61803173700504B25 = {
			isa = PBXGroup;
			children = (
				4FCD534518034FA600504B25 /* ThirdParty */,
				4FCD52FA1803173700504B25 /* SponsorPay */,
				4FCD53171803173700504B25 /* SponsorPayTests */,
				4FCD52F11803173700504B25 /* Frameworks */,
				4FCD52F01803173700504B25 /* Products */,
			);
			sourceTree = "<group>";
		};
		4FCD52F01803173700504B25 /* Products */ = {
			isa = PBXGroup;
			children = (
				4FCD52EF1803173700504B25 /* SponsorPay.app */,
				4FCD530F1803173700504B25 /* SponsorPayTests.xctest */,
			);
			name = Products;
			sourceTree = "<group>";
		};
		4FCD52F11803173700504B25 /* Frameworks */ = {
			isa = PBXGroup;
			children = (
				4FCD5367180358A500504B25 /* AdSupport.framework */,
				4FCD52F21803173700504B25 /* Foundation.framework */,
				4FCD52F41803173700504B25 /* CoreGraphics.framework */,
				4FCD52F61803173700504B25 /* UIKit.framework */,
				4FCD52F81803173700504B25 /* CoreData.framework */,
				4FCD53101803173700504B25 /* XCTest.framework */,
			);
			name = Frameworks;
			sourceTree = "<group>";
		};
		4FCD52FA1803173700504B25 /* SponsorPay */ = {
			isa = PBXGroup;
			children = (
				4FCD536E18040FDF00504B25 /* Objects */,
				4FCD536318034FD500504B25 /* Connection */,
				4FCD5340180329F200504B25 /* Views */,
				4FCD53391803250F00504B25 /* Utils */,
				4FCD5336180321BB00504B25 /* Resources */,
				4FCD5327180318A000504B25 /* Contollers */,
				4FCD53031803173700504B25 /* SPAppDelegate.h */,
				4FCD53041803173700504B25 /* SPAppDelegate.m */,
				4FCD53091803173700504B25 /* Images.xcassets */,
				4FCD53061803173700504B25 /* SponsorPay.xcdatamodeld */,
				4FCD52FB1803173700504B25 /* Supporting Files */,
			);
			path = SponsorPay;
			sourceTree = "<group>";
		};
		4FCD52FB1803173700504B25 /* Supporting Files */ = {
			isa = PBXGroup;
			children = (
				4FCD52FC1803173700504B25 /* SponsorPay-Info.plist */,
				4FCD52FD1803173700504B25 /* InfoPlist.strings */,
				4FCD53001803173700504B25 /* main.m */,
				4FCD53021803173700504B25 /* SponsorPay-Prefix.pch */,
			);
			name = "Supporting Files";
			sourceTree = "<group>";
		};
		4FCD53171803173700504B25 /* SponsorPayTests */ = {
			isa = PBXGroup;
			children = (
				4FCD531D1803173700504B25 /* SponsorPayTests.m */,
				4FCD53181803173700504B25 /* Supporting Files */,
			);
			path = SponsorPayTests;
			sourceTree = "<group>";
		};
		4FCD53181803173700504B25 /* Supporting Files */ = {
			isa = PBXGroup;
			children = (
				4FCD53191803173700504B25 /* SponsorPayTests-Info.plist */,
				4FCD531A1803173700504B25 /* InfoPlist.strings */,
			);
			name = "Supporting Files";
			sourceTree = "<group>";
		};
		4FCD5327180318A000504B25 /* Contollers */ = {
			isa = PBXGroup;
			children = (
				4FCD532F18031DB100504B25 /* iPhone */,
				4FCD532E18031D9300504B25 /* iPad */,
				4FCD5328180318F800504B25 /* SPMainController.h */,
				4FCD5329180318F800504B25 /* SPMainController.m */,
				4FCD537E1804202300504B25 /* SPOffersViewController.h */,
				4FCD537F1804202300504B25 /* SPOffersViewController.m */,
			);
			name = Contollers;
			sourceTree = "<group>";
		};
		4FCD532E18031D9300504B25 /* iPad */ = {
			isa = PBXGroup;
			children = (
				4FCD533318031DCE00504B25 /* SPMainPadViewController.h */,
				4FCD533418031DCE00504B25 /* SPMainPadViewController.m */,
			);
			name = iPad;
			path = Controllers/iPad;
			sourceTree = "<group>";
		};
		4FCD532F18031DB100504B25 /* iPhone */ = {
			isa = PBXGroup;
			children = (
				4FCD533018031DB100504B25 /* SPMainPhoneViewController.h */,
				4FCD533118031DB100504B25 /* SPMainPhoneViewController.m */,
				4FCD53811804216D00504B25 /* SPOffersPhoneViewController.h */,
				4FCD53821804216D00504B25 /* SPOffersPhoneViewController.m */,
			);
			name = iPhone;
			path = Controllers/iPhone;
			sourceTree = "<group>";
		};
		4FCD5336180321BB00504B25 /* Resources */ = {
			isa = PBXGroup;
			children = (
				4FCD5337180321BB00504B25 /* sponsorpay.png */,
				4FCD536C18040FA900504B25 /* fakeresponse.json */,
			);
			path = Resources;
			sourceTree = "<group>";
		};
		4FCD53391803250F00504B25 /* Utils */ = {
			isa = PBXGroup;
			children = (
				4FCD533A1803250F00504B25 /* UIColor+hex.h */,
				4FCD533B1803250F00504B25 /* UIColor+hex.m */,
				4FCD533C1803250F00504B25 /* UIFont+helvetica.h */,
				4FCD533D1803250F00504B25 /* UIFont+helvetica.m */,
				4FCD536918036C3500504B25 /* NSString+SHA1.h */,
				4FCD536A18036C3500504B25 /* NSString+SHA1.m */,
			);
			path = Utils;
			sourceTree = "<group>";
		};
		4FCD5340180329F200504B25 /* Views */ = {
			isa = PBXGroup;
			children = (
				4FF36B581804295E009D664B /* iPhone */,
				4FCD534118032A4E00504B25 /* SPCustomTextField.h */,
				4FCD534218032A4E00504B25 /* SPCustomTextField.m */,
				4FF36B5718042959009D664B /* SPOffersCellProtocol.h */,
			);
			name = Views;
			sourceTree = "<group>";
		};
		4FCD534518034FA600504B25 /* ThirdParty */ = {
			isa = PBXGroup;
			children = (
				4FCD534618034FA600504B25 /* AFNetworking */,
			);
			path = ThirdParty;
			sourceTree = "<group>";
		};
		4FCD534618034FA600504B25 /* AFNetworking */ = {
			isa = PBXGroup;
			children = (
				4FCD534718034FA600504B25 /* AFHTTPRequestOperation.h */,
				4FCD534818034FA600504B25 /* AFHTTPRequestOperation.m */,
				4FCD534918034FA600504B25 /* AFHTTPRequestOperationManager.h */,
				4FCD534A18034FA600504B25 /* AFHTTPRequestOperationManager.m */,
				4FCD534B18034FA600504B25 /* AFHTTPSessionManager.h */,
				4FCD534C18034FA600504B25 /* AFHTTPSessionManager.m */,
				4FCD534D18034FA600504B25 /* AFNetworking.h */,
				4FCD534E18034FA600504B25 /* AFNetworkReachabilityManager.h */,
				4FCD534F18034FA600504B25 /* AFNetworkReachabilityManager.m */,
				4FCD535018034FA600504B25 /* AFSecurityPolicy.h */,
				4FCD535118034FA600504B25 /* AFSecurityPolicy.m */,
				4FCD535218034FA600504B25 /* AFURLConnectionOperation.h */,
				4FCD535318034FA600504B25 /* AFURLConnectionOperation.m */,
				4FCD535418034FA600504B25 /* AFURLRequestSerialization.h */,
				4FCD535518034FA600504B25 /* AFURLRequestSerialization.m */,
				4FCD535618034FA600504B25 /* AFURLResponseSerialization.h */,
				4FCD535718034FA600504B25 /* AFURLResponseSerialization.m */,
				4FCD535818034FA600504B25 /* AFURLSessionManager.h */,
				4FCD535918034FA600504B25 /* AFURLSessionManager.m */,
			);
			path = AFNetworking;
			sourceTree = "<group>";
		};
		4FCD536318034FD500504B25 /* Connection */ = {
			isa = PBXGroup;
			children = (
				4FCD53641803500C00504B25 /* SPConnectionManager.h */,
				4FCD53651803500C00504B25 /* SPConnectionManager.m */,
			);
			name = Connection;
			sourceTree = "<group>";
		};
		4FCD536E18040FDF00504B25 /* Objects */ = {
			isa = PBXGroup;
			children = (
				4FCD536F1804105300504B25 /* SPServerResponseObject.h */,
				4FCD53701804105300504B25 /* SPServerResponseObject.m */,
				4FCD53721804108500504B25 /* SPOffer.h */,
				4FCD53731804108500504B25 /* SPOffer.m */,
				4FCD53751804109400504B25 /* SPInformation.h */,
				4FCD53761804109400504B25 /* SPInformation.m */,
				4FCD53781804171B00504B25 /* SPOfferType.h */,
				4FCD53791804171B00504B25 /* SPOfferType.m */,
				4FCD537B1804173300504B25 /* SPTimeToPayout.h */,
				4FCD537C1804173300504B25 /* SPTimeToPayout.m */,
			);
			name = Objects;
			sourceTree = "<group>";
		};
		4FF36B581804295E009D664B /* iPhone */ = {
			isa = PBXGroup;
			children = (
				4FF36B5918042988009D664B /* SPOfferPhoneCell.h */,
				4FF36B5A18042988009D664B /* SPOfferPhoneCell.m */,
			);
			name = iPhone;
			sourceTree = "<group>";
		};
/* End PBXGroup section */

/* Begin PBXNativeTarget section */
		4FCD52EE1803173700504B25 /* SponsorPay */ = {
			isa = PBXNativeTarget;
			buildConfigurationList = 4FCD53211803173700504B25 /* Build configuration list for PBXNativeTarget "SponsorPay" */;
			buildPhases = (
				4FCD52EB1803173700504B25 /* Sources */,
				4FCD52EC1803173700504B25 /* Frameworks */,
				4FCD52ED1803173700504B25 /* Resources */,
			);
			buildRules = (
			);
			dependencies = (
			);
			name = SponsorPay;
			productName = SponsorPay;
			productReference = 4FCD52EF1803173700504B25 /* SponsorPay.app */;
			productType = "com.apple.product-type.application";
		};
		4FCD530E1803173700504B25 /* SponsorPayTests */ = {
			isa = PBXNativeTarget;
			buildConfigurationList = 4FCD53241803173700504B25 /* Build configuration list for PBXNativeTarget "SponsorPayTests" */;
			buildPhases = (
				4FCD530B1803173700504B25 /* Sources */,
				4FCD530C1803173700504B25 /* Frameworks */,
				4FCD530D1803173700504B25 /* Resources */,
			);
			buildRules = (
			);
			dependencies = (
				4FCD53161803173700504B25 /* PBXTargetDependency */,
			);
			name = SponsorPayTests;
			productName = SponsorPayTests;
			productReference = 4FCD530F1803173700504B25 /* SponsorPayTests.xctest */;
			productType = "com.apple.product-type.bundle.unit-test";
		};
/* End PBXNativeTarget section */

/* Begin PBXProject section */
		4FCD52E71803173700504B25 /* Project object */ = {
			isa = PBXProject;
			attributes = {
				CLASSPREFIX = SP;
				LastUpgradeCheck = 0500;
				ORGANIZATIONNAME = HappinessProvider;
				TargetAttributes = {
					4FCD530E1803173700504B25 = {
						TestTargetID = 4FCD52EE1803173700504B25;
					};
				};
			};
			buildConfigurationList = 4FCD52EA1803173700504B25 /* Build configuration list for PBXProject "SponsorPay" */;
			compatibilityVersion = "Xcode 3.2";
			developmentRegion = English;
			hasScannedForEncodings = 0;
			knownRegions = (
				en,
			);
			mainGroup = 4FCD52E61803173700504B25;
			productRefGroup = 4FCD52F01803173700504B25 /* Products */;
			projectDirPath = "";
			projectRoot = "";
			targets = (
				4FCD52EE1803173700504B25 /* SponsorPay */,
				4FCD530E1803173700504B25 /* SponsorPayTests */,
			);
		};
/* End PBXProject section */

/* Begin PBXResourcesBuildPhase section */
		4FCD52ED1803173700504B25 /* Resources */ = {
			isa = PBXResourcesBuildPhase;
			buildActionMask = 2147483647;
			files = (
				4FCD52FF1803173700504B25 /* InfoPlist.strings in Resources */,
				4FCD530A1803173700504B25 /* Images.xcassets in Resources */,
				4FCD5338180321BB00504B25 /* sponsorpay.png in Resources */,
				4FCD536D18040FA900504B25 /* fakeresponse.json in Resources */,
			);
			runOnlyForDeploymentPostprocessing = 0;
		};
		4FCD530D1803173700504B25 /* Resources */ = {
			isa = PBXResourcesBuildPhase;
			buildActionMask = 2147483647;
			files = (
				4FCD531C1803173700504B25 /* InfoPlist.strings in Resources */,
			);
			runOnlyForDeploymentPostprocessing = 0;
		};
/* End PBXResourcesBuildPhase section */

/* Begin PBXSourcesBuildPhase section */
		4FCD52EB1803173700504B25 /* Sources */ = {
			isa = PBXSourcesBuildPhase;
			buildActionMask = 2147483647;
			files = (
				4FCD535E18034FA600504B25 /* AFSecurityPolicy.m in Sources */,
				4FCD534318032A4E00504B25 /* SPCustomTextField.m in Sources */,
				4FCD53801804202300504B25 /* SPOffersViewController.m in Sources */,
				4FCD535D18034FA600504B25 /* AFNetworkReachabilityManager.m in Sources */,
				4FCD53771804109400504B25 /* SPInformation.m in Sources */,
				4FCD533E1803250F00504B25 /* UIColor+hex.m in Sources */,
				4FCD53711804105300504B25 /* SPServerResponseObject.m in Sources */,
				4FCD53741804108500504B25 /* SPOffer.m in Sources */,
				4FCD535F18034FA600504B25 /* AFURLConnectionOperation.m in Sources */,
				4FCD537D1804173300504B25 /* SPTimeToPayout.m in Sources */,
				4FCD535A18034FA600504B25 /* AFHTTPRequestOperation.m in Sources */,
				4FCD536B18036C3500504B25 /* NSString+SHA1.m in Sources */,
				4FCD53831804216D00504B25 /* SPOffersPhoneViewController.m in Sources */,
				4FCD535C18034FA600504B25 /* AFHTTPSessionManager.m in Sources */,
				4FCD536018034FA600504B25 /* AFURLRequestSerialization.m in Sources */,
				4FCD533518031DCE00504B25 /* SPMainPadViewController.m in Sources */,
				4FCD536218034FA600504B25 /* AFURLSessionManager.m in Sources */,
				4FCD533F1803250F00504B25 /* UIFont+helvetica.m in Sources */,
				4FCD535B18034FA600504B25 /* AFHTTPRequestOperationManager.m in Sources */,
				4FCD53011803173700504B25 /* main.m in Sources */,
				4FF36B5B18042988009D664B /* SPOfferPhoneCell.m in Sources */,
				4FCD53661803500C00504B25 /* SPConnectionManager.m in Sources */,
				4FCD536118034FA600504B25 /* AFURLResponseSerialization.m in Sources */,
				4FCD533218031DB100504B25 /* SPMainPhoneViewController.m in Sources */,
				4FCD532A180318F800504B25 /* SPMainController.m in Sources */,
				4FCD53051803173700504B25 /* SPAppDelegate.m in Sources */,
				4FCD53081803173700504B25 /* SponsorPay.xcdatamodeld in Sources */,
				4FCD537A1804171B00504B25 /* SPOfferType.m in Sources */,
			);
			runOnlyForDeploymentPostprocessing = 0;
		};
		4FCD530B1803173700504B25 /* Sources */ = {
			isa = PBXSourcesBuildPhase;
			buildActionMask = 2147483647;
			files = (
				4FCD531E1803173700504B25 /* SponsorPayTests.m in Sources */,
			);
			runOnlyForDeploymentPostprocessing = 0;
		};
/* End PBXSourcesBuildPhase section */

/* Begin PBXTargetDependency section */
		4FCD53161803173700504B25 /* PBXTargetDependency */ = {
			isa = PBXTargetDependency;
			target = 4FCD52EE1803173700504B25 /* SponsorPay */;
			targetProxy = 4FCD53151803173700504B25 /* PBXContainerItemProxy */;
		};
/* End PBXTargetDependency section */

/* Begin PBXVariantGroup section */
		4FCD52FD1803173700504B25 /* InfoPlist.strings */ = {
			isa = PBXVariantGroup;
			children = (
				4FCD52FE1803173700504B25 /* en */,
			);
			name = InfoPlist.strings;
			sourceTree = "<group>";
		};
		4FCD531A1803173700504B25 /* InfoPlist.strings */ = {
			isa = PBXVariantGroup;
			children = (
				4FCD531B1803173700504B25 /* en */,
			);
			name = InfoPlist.strings;
			sourceTree = "<group>";
		};
/* End PBXVariantGroup section */

/* Begin XCBuildConfiguration section */
		4FCD531F1803173700504B25 /* Debug */ = {
			isa = XCBuildConfiguration;
			buildSettings = {
				ALWAYS_SEARCH_USER_PATHS = NO;
				ARCHS = "$(ARCHS_STANDARD_INCLUDING_64_BIT)";
				CLANG_CXX_LANGUAGE_STANDARD = "gnu++0x";
				CLANG_CXX_LIBRARY = "libc++";
				CLANG_ENABLE_MODULES = YES;
				CLANG_ENABLE_OBJC_ARC = YES;
				CLANG_WARN_BOOL_CONVERSION = YES;
				CLANG_WARN_CONSTANT_CONVERSION = YES;
				CLANG_WARN_DIRECT_OBJC_ISA_USAGE = YES_ERROR;
				CLANG_WARN_EMPTY_BODY = YES;
				CLANG_WARN_ENUM_CONVERSION = YES;
				CLANG_WARN_INT_CONVERSION = YES;
				CLANG_WARN_OBJC_ROOT_CLASS = YES_ERROR;
				CLANG_WARN__DUPLICATE_METHOD_MATCH = YES;
				"CODE_SIGN_IDENTITY[sdk=iphoneos*]" = "iPhone Developer";
				COPY_PHASE_STRIP = NO;
				GCC_C_LANGUAGE_STANDARD = gnu99;
				GCC_DYNAMIC_NO_PIC = NO;
				GCC_OPTIMIZATION_LEVEL = 0;
				GCC_PREPROCESSOR_DEFINITIONS = (
					"DEBUG=1",
					"$(inherited)",
				);
				GCC_SYMBOLS_PRIVATE_EXTERN = NO;
				GCC_WARN_64_TO_32_BIT_CONVERSION = YES;
				GCC_WARN_ABOUT_RETURN_TYPE = YES_ERROR;
				GCC_WARN_UNDECLARED_SELECTOR = YES;
				GCC_WARN_UNINITIALIZED_AUTOS = YES;
				GCC_WARN_UNUSED_FUNCTION = YES;
				GCC_WARN_UNUSED_VARIABLE = YES;
				IPHONEOS_DEPLOYMENT_TARGET = 7.0;
				ONLY_ACTIVE_ARCH = YES;
				SDKROOT = iphoneos;
				TARGETED_DEVICE_FAMILY = "1,2";
			};
			name = Debug;
		};
		4FCD53201803173700504B25 /* Release */ = {
			isa = XCBuildConfiguration;
			buildSettings = {
				ALWAYS_SEARCH_USER_PATHS = NO;
				ARCHS = "$(ARCHS_STANDARD_INCLUDING_64_BIT)";
				CLANG_CXX_LANGUAGE_STANDARD = "gnu++0x";
				CLANG_CXX_LIBRARY = "libc++";
				CLANG_ENABLE_MODULES = YES;
				CLANG_ENABLE_OBJC_ARC = YES;
				CLANG_WARN_BOOL_CONVERSION = YES;
				CLANG_WARN_CONSTANT_CONVERSION = YES;
				CLANG_WARN_DIRECT_OBJC_ISA_USAGE = YES_ERROR;
				CLANG_WARN_EMPTY_BODY = YES;
				CLANG_WARN_ENUM_CONVERSION = YES;
				CLANG_WARN_INT_CONVERSION = YES;
				CLANG_WARN_OBJC_ROOT_CLASS = YES_ERROR;
				CLANG_WARN__DUPLICATE_METHOD_MATCH = YES;
				"CODE_SIGN_IDENTITY[sdk=iphoneos*]" = "iPhone Developer";
				COPY_PHASE_STRIP = YES;
				ENABLE_NS_ASSERTIONS = NO;
				GCC_C_LANGUAGE_STANDARD = gnu99;
				GCC_WARN_64_TO_32_BIT_CONVERSION = YES;
				GCC_WARN_ABOUT_RETURN_TYPE = YES_ERROR;
				GCC_WARN_UNDECLARED_SELECTOR = YES;
				GCC_WARN_UNINITIALIZED_AUTOS = YES;
				GCC_WARN_UNUSED_FUNCTION = YES;
				GCC_WARN_UNUSED_VARIABLE = YES;
				IPHONEOS_DEPLOYMENT_TARGET = 7.0;
				SDKROOT = iphoneos;
				TARGETED_DEVICE_FAMILY = "1,2";
				VALIDATE_PRODUCT = YES;
			};
			name = Release;
		};
		4FCD53221803173700504B25 /* Debug */ = {
			isa = XCBuildConfiguration;
			buildSettings = {
				ASSETCATALOG_COMPILER_APPICON_NAME = AppIcon;
				ASSETCATALOG_COMPILER_LAUNCHIMAGE_NAME = LaunchImage;
				GCC_PRECOMPILE_PREFIX_HEADER = YES;
				GCC_PREFIX_HEADER = "SponsorPay/SponsorPay-Prefix.pch";
				INFOPLIST_FILE = "SponsorPay/SponsorPay-Info.plist";
				PRODUCT_NAME = "$(TARGET_NAME)";
				WRAPPER_EXTENSION = app;
			};
			name = Debug;
		};
		4FCD53231803173700504B25 /* Release */ = {
			isa = XCBuildConfiguration;
			buildSettings = {
				ASSETCATALOG_COMPILER_APPICON_NAME = AppIcon;
				ASSETCATALOG_COMPILER_LAUNCHIMAGE_NAME = LaunchImage;
				GCC_PRECOMPILE_PREFIX_HEADER = YES;
				GCC_PREFIX_HEADER = "SponsorPay/SponsorPay-Prefix.pch";
				INFOPLIST_FILE = "SponsorPay/SponsorPay-Info.plist";
				PRODUCT_NAME = "$(TARGET_NAME)";
				WRAPPER_EXTENSION = app;
			};
			name = Release;
		};
		4FCD53251803173700504B25 /* Debug */ = {
			isa = XCBuildConfiguration;
			buildSettings = {
				ARCHS = "$(ARCHS_STANDARD_INCLUDING_64_BIT)";
				BUNDLE_LOADER = "$(BUILT_PRODUCTS_DIR)/SponsorPay.app/SponsorPay";
				FRAMEWORK_SEARCH_PATHS = (
					"$(SDKROOT)/Developer/Library/Frameworks",
					"$(inherited)",
					"$(DEVELOPER_FRAMEWORKS_DIR)",
				);
				GCC_PRECOMPILE_PREFIX_HEADER = YES;
				GCC_PREFIX_HEADER = "SponsorPay/SponsorPay-Prefix.pch";
				GCC_PREPROCESSOR_DEFINITIONS = (
					"DEBUG=1",
					"$(inherited)",
				);
				INFOPLIST_FILE = "SponsorPayTests/SponsorPayTests-Info.plist";
				PRODUCT_NAME = "$(TARGET_NAME)";
				TEST_HOST = "$(BUNDLE_LOADER)";
				WRAPPER_EXTENSION = xctest;
			};
			name = Debug;
		};
		4FCD53261803173700504B25 /* Release */ = {
			isa = XCBuildConfiguration;
			buildSettings = {
				ARCHS = "$(ARCHS_STANDARD_INCLUDING_64_BIT)";
				BUNDLE_LOADER = "$(BUILT_PRODUCTS_DIR)/SponsorPay.app/SponsorPay";
				FRAMEWORK_SEARCH_PATHS = (
					"$(SDKROOT)/Developer/Library/Frameworks",
					"$(inherited)",
					"$(DEVELOPER_FRAMEWORKS_DIR)",
				);
				GCC_PRECOMPILE_PREFIX_HEADER = YES;
				GCC_PREFIX_HEADER = "SponsorPay/SponsorPay-Prefix.pch";
				INFOPLIST_FILE = "SponsorPayTests/SponsorPayTests-Info.plist";
				PRODUCT_NAME = "$(TARGET_NAME)";
				TEST_HOST = "$(BUNDLE_LOADER)";
				WRAPPER_EXTENSION = xctest;
			};
			name = Release;
		};
/* End XCBuildConfiguration section */

/* Begin XCConfigurationList section */
		4FCD52EA1803173700504B25 /* Build configuration list for PBXProject "SponsorPay" */ = {
			isa = XCConfigurationList;
			buildConfigurations = (
				4FCD531F1803173700504B25 /* Debug */,
				4FCD53201803173700504B25 /* Release */,
			);
			defaultConfigurationIsVisible = 0;
			defaultConfigurationName = Release;
		};
		4FCD53211803173700504B25 /* Build configuration list for PBXNativeTarget "SponsorPay" */ = {
			isa = XCConfigurationList;
			buildConfigurations = (
				4FCD53221803173700504B25 /* Debug */,
				4FCD53231803173700504B25 /* Release */,
			);
			defaultConfigurationIsVisible = 0;
			defaultConfigurationName = Release;
		};
		4FCD53241803173700504B25 /* Build configuration list for PBXNativeTarget "SponsorPayTests" */ = {
			isa = XCConfigurationList;
			buildConfigurations = (
				4FCD53251803173700504B25 /* Debug */,
				4FCD53261803173700504B25 /* Release */,
			);
			defaultConfigurationIsVisible = 0;
			defaultConfigurationName = Release;
		};
/* End XCConfigurationList section */

/* Begin XCVersionGroup section */
		4FCD53061803173700504B25 /* SponsorPay.xcdatamodeld */ = {
			isa = XCVersionGroup;
			children = (
				4FCD53071803173700504B25 /* SponsorPay.xcdatamodel */,
			);
			currentVersion = 4FCD53071803173700504B25 /* SponsorPay.xcdatamodel */;
			path = SponsorPay.xcdatamodeld;
			sourceTree = "<group>";
			versionGroupType = wrapper.xcdatamodel;
		};
/* End XCVersionGroup section */
	};
	rootObject = 4FCD52E71803173700504B25 /* Project object */;
}
